
Microsoft Visual Studio Solution File, Format Version 12.00
# Visual Studio 15
VisualStudioVersion = 15.0.26228.10
MinimumVisualStudioVersion = 10.0.40219.1
Project("{2150E333-8FDC-42A3-9474-1A3956D46DE8}") = ".nuget", ".nuget", "{D00A8C78-9FA3-45AD-BFB9-719D7795C3B1}"
	ProjectSection(SolutionItems) = preProject
		.nuget\NuGet.Config = .nuget\NuGet.Config
		.nuget\NuGet.exe = .nuget\NuGet.exe
		.nuget\NuGet.targets = .nuget\NuGet.targets
	EndProjectSection
EndProject
Project("{FAE04EC0-301F-11D3-BF4B-00C04F79EFBC}") = "FacilityDocu.Data", "FacilityDocu.Data\FacilityDocu.Data.csproj", "{59C01F82-E3FD-4D11-A1AA-1B1D4C96D1D0}"
EndProject
Project("{FAE04EC0-301F-11D3-BF4B-00C04F79EFBC}") = "FacilityDoc.DTO", "FacilityDoc.DTO\FacilityDoc.DTO.csproj", "{D6B7BEDE-BA27-4DD0-B2FE-69A9E94893FD}"
EndProject
Project("{FAE04EC0-301F-11D3-BF4B-00C04F79EFBC}") = "FacilityDocu.Test", "FacilityDocu.Test\FacilityDocu.Test.csproj", "{2A48ED16-B134-46CB-9E0A-CAA14BC83157}"
EndProject
Project("{FAE04EC0-301F-11D3-BF4B-00C04F79EFBC}") = "FacilityDocu.UI.Utilities", "FacilityDocu.UI.Utilities\FacilityDocu.UI.Utilities.csproj", "{DB21A8D5-B7DA-49DF-B737-293569EA2712}"
	ProjectSection(ProjectDependencies) = postProject
		{A7BFCC4F-B24B-4716-849E-18811CE08112} = {A7BFCC4F-B24B-4716-849E-18811CE08112}
	EndProjectSection
EndProject
Project("{FAE04EC0-301F-11D3-BF4B-00C04F79EFBC}") = "FacilityDocLaptop", "FacilityDocu.UI.WPF\FacilityDocLaptop.csproj", "{E3F9470B-DCFE-4AEA-A158-DA14C25B5CB4}"
	ProjectSection(ProjectDependencies) = postProject
		{A7BFCC4F-B24B-4716-849E-18811CE08112} = {A7BFCC4F-B24B-4716-849E-18811CE08112}
	EndProjectSection
EndProject
Project("{FAE04EC0-301F-11D3-BF4B-00C04F79EFBC}") = "FacilityDocu.Services", "FacilityDocu.Services\FacilityDocu.Services.csproj", "{A7BFCC4F-B24B-4716-849E-18811CE08112}"
EndProject
Project("{FAE04EC0-301F-11D3-BF4B-00C04F79EFBC}") = "FacilityDocu.Test.Console", "FacilityDocu.Test.Console\FacilityDocu.Test.Console.csproj", "{2C8FD3B3-EBBF-497B-BD37-0599294EBEFF}"
	ProjectSection(ProjectDependencies) = postProject
		{A7BFCC4F-B24B-4716-849E-18811CE08112} = {A7BFCC4F-B24B-4716-849E-18811CE08112}
	EndProjectSection
EndProject
Project("{FAE04EC0-301F-11D3-BF4B-00C04F79EFBC}") = "Tablet App", "FacilityDocu.UI.Store\Tablet App.csproj", "{FB87BA46-656F-40DF-8B0F-F76D398FAB5D}"
EndProject
Project("{FAE04EC0-301F-11D3-BF4B-00C04F79EFBC}") = "FacilityDocu.Services.Rest", "FacilityDocu.Services.Rest\FacilityDocu.Services.Rest.csproj", "{DE75E1D6-6325-451E-9CAF-F2E657B10ACC}"
EndProject
Global
	GlobalSection(SolutionConfigurationPlatforms) = preSolution
		Debug|Any CPU = Debug|Any CPU
		Debug|ARM = Debug|ARM
		Debug|x64 = Debug|x64
		Debug|x86 = Debug|x86
		Release|Any CPU = Release|Any CPU
		Release|ARM = Release|ARM
		Release|x64 = Release|x64
		Release|x86 = Release|x86
	EndGlobalSection
	GlobalSection(ProjectConfigurationPlatforms) = postSolution
		{59C01F82-E3FD-4D11-A1AA-1B1D4C96D1D0}.Debug|Any CPU.ActiveCfg = Debug|Any CPU
		{59C01F82-E3FD-4D11-A1AA-1B1D4C96D1D0}.Debug|Any CPU.Build.0 = Debug|Any CPU
		{59C01F82-E3FD-4D11-A1AA-1B1D4C96D1D0}.Debug|ARM.ActiveCfg = Debug|Any CPU
		{59C01F82-E3FD-4D11-A1AA-1B1D4C96D1D0}.Debug|x64.ActiveCfg = Debug|Any CPU
		{59C01F82-E3FD-4D11-A1AA-1B1D4C96D1D0}.Debug|x86.ActiveCfg = Debug|Any CPU
		{59C01F82-E3FD-4D11-A1AA-1B1D4C96D1D0}.Release|Any CPU.ActiveCfg = Release|Any CPU
		{59C01F82-E3FD-4D11-A1AA-1B1D4C96D1D0}.Release|Any CPU.Build.0 = Release|Any CPU
		{59C01F82-E3FD-4D11-A1AA-1B1D4C96D1D0}.Release|ARM.ActiveCfg = Release|Any CPU
		{59C01F82-E3FD-4D11-A1AA-1B1D4C96D1D0}.Release|x64.ActiveCfg = Release|Any CPU
		{59C01F82-E3FD-4D11-A1AA-1B1D4C96D1D0}.Release|x86.ActiveCfg = Release|Any CPU
		{D6B7BEDE-BA27-4DD0-B2FE-69A9E94893FD}.Debug|Any CPU.ActiveCfg = Debug|Any CPU
		{D6B7BEDE-BA27-4DD0-B2FE-69A9E94893FD}.Debug|Any CPU.Build.0 = Debug|Any CPU
		{D6B7BEDE-BA27-4DD0-B2FE-69A9E94893FD}.Debug|ARM.ActiveCfg = Debug|Any CPU
		{D6B7BEDE-BA27-4DD0-B2FE-69A9E94893FD}.Debug|x64.ActiveCfg = Debug|Any CPU
		{D6B7BEDE-BA27-4DD0-B2FE-69A9E94893FD}.Debug|x86.ActiveCfg = Debug|Any CPU
		{D6B7BEDE-BA27-4DD0-B2FE-69A9E94893FD}.Release|Any CPU.ActiveCfg = Release|Any CPU
		{D6B7BEDE-BA27-4DD0-B2FE-69A9E94893FD}.Release|Any CPU.Build.0 = Release|Any CPU
		{D6B7BEDE-BA27-4DD0-B2FE-69A9E94893FD}.Release|ARM.ActiveCfg = Release|Any CPU
		{D6B7BEDE-BA27-4DD0-B2FE-69A9E94893FD}.Release|x64.ActiveCfg = Release|Any CPU
		{D6B7BEDE-BA27-4DD0-B2FE-69A9E94893FD}.Release|x86.ActiveCfg = Release|Any CPU
		{2A48ED16-B134-46CB-9E0A-CAA14BC83157}.Debug|Any CPU.ActiveCfg = Debug|Any CPU
		{2A48ED16-B134-46CB-9E0A-CAA14BC83157}.Debug|Any CPU.Build.0 = Debug|Any CPU
		{2A48ED16-B134-46CB-9E0A-CAA14BC83157}.Debug|ARM.ActiveCfg = Debug|Any CPU
		{2A48ED16-B134-46CB-9E0A-CAA14BC83157}.Debug|x64.ActiveCfg = Debug|Any CPU
		{2A48ED16-B134-46CB-9E0A-CAA14BC83157}.Debug|x86.ActiveCfg = Debug|Any CPU
		{2A48ED16-B134-46CB-9E0A-CAA14BC83157}.Release|Any CPU.ActiveCfg = Release|Any CPU
		{2A48ED16-B134-46CB-9E0A-CAA14BC83157}.Release|Any CPU.Build.0 = Release|Any CPU
		{2A48ED16-B134-46CB-9E0A-CAA14BC83157}.Release|ARM.ActiveCfg = Release|Any CPU
		{2A48ED16-B134-46CB-9E0A-CAA14BC83157}.Release|x64.ActiveCfg = Release|Any CPU
		{2A48ED16-B134-46CB-9E0A-CAA14BC83157}.Release|x86.ActiveCfg = Release|Any CPU
		{DB21A8D5-B7DA-49DF-B737-293569EA2712}.Debug|Any CPU.ActiveCfg = Debug|Any CPU
		{DB21A8D5-B7DA-49DF-B737-293569EA2712}.Debug|Any CPU.Build.0 = Debug|Any CPU
		{DB21A8D5-B7DA-49DF-B737-293569EA2712}.Debug|ARM.ActiveCfg = Debug|Any CPU
		{DB21A8D5-B7DA-49DF-B737-293569EA2712}.Debug|x64.ActiveCfg = Debug|Any CPU
		{DB21A8D5-B7DA-49DF-B737-293569EA2712}.Debug|x86.ActiveCfg = Debug|Any CPU
		{DB21A8D5-B7DA-49DF-B737-293569EA2712}.Release|Any CPU.ActiveCfg = Release|Any CPU
		{DB21A8D5-B7DA-49DF-B737-293569EA2712}.Release|Any CPU.Build.0 = Release|Any CPU
		{DB21A8D5-B7DA-49DF-B737-293569EA2712}.Release|ARM.ActiveCfg = Release|Any CPU
		{DB21A8D5-B7DA-49DF-B737-293569EA2712}.Release|x64.ActiveCfg = Release|Any CPU
		{DB21A8D5-B7DA-49DF-B737-293569EA2712}.Release|x86.ActiveCfg = Release|Any CPU
		{E3F9470B-DCFE-4AEA-A158-DA14C25B5CB4}.Debug|Any CPU.ActiveCfg = Debug|Any CPU
		{E3F9470B-DCFE-4AEA-A158-DA14C25B5CB4}.Debug|Any CPU.Build.0 = Debug|Any CPU
		{E3F9470B-DCFE-4AEA-A158-DA14C25B5CB4}.Debug|ARM.ActiveCfg = Debug|Any CPU
		{E3F9470B-DCFE-4AEA-A158-DA14C25B5CB4}.Debug|x64.ActiveCfg = Debug|Any CPU
		{E3F9470B-DCFE-4AEA-A158-DA14C25B5CB4}.Debug|x86.ActiveCfg = Debug|Any CPU
		{E3F9470B-DCFE-4AEA-A158-DA14C25B5CB4}.Release|Any CPU.ActiveCfg = Release|Any CPU
		{E3F9470B-DCFE-4AEA-A158-DA14C25B5CB4}.Release|Any CPU.Build.0 = Release|Any CPU
		{E3F9470B-DCFE-4AEA-A158-DA14C25B5CB4}.Release|ARM.ActiveCfg = Release|Any CPU
		{E3F9470B-DCFE-4AEA-A158-DA14C25B5CB4}.Release|x64.ActiveCfg = Release|Any CPU
		{E3F9470B-DCFE-4AEA-A158-DA14C25B5CB4}.Release|x86.ActiveCfg = Release|Any CPU
		{A7BFCC4F-B24B-4716-849E-18811CE08112}.Debug|Any CPU.ActiveCfg = Debug|Any CPU
		{A7BFCC4F-B24B-4716-849E-18811CE08112}.Debug|Any CPU.Build.0 = Debug|Any CPU
		{A7BFCC4F-B24B-4716-849E-18811CE08112}.Debug|ARM.ActiveCfg = Debug|Any CPU
		{A7BFCC4F-B24B-4716-849E-18811CE08112}.Debug|x64.ActiveCfg = Debug|Any CPU
		{A7BFCC4F-B24B-4716-849E-18811CE08112}.Debug|x86.ActiveCfg = Debug|Any CPU
		{A7BFCC4F-B24B-4716-849E-18811CE08112}.Release|Any CPU.ActiveCfg = Release|Any CPU
		{A7BFCC4F-B24B-4716-849E-18811CE08112}.Release|Any CPU.Build.0 = Release|Any CPU
		{A7BFCC4F-B24B-4716-849E-18811CE08112}.Release|ARM.ActiveCfg = Release|Any CPU
		{A7BFCC4F-B24B-4716-849E-18811CE08112}.Release|x64.ActiveCfg = Release|Any CPU
		{A7BFCC4F-B24B-4716-849E-18811CE08112}.Release|x86.ActiveCfg = Release|Any CPU
		{2C8FD3B3-EBBF-497B-BD37-0599294EBEFF}.Debug|Any CPU.ActiveCfg = Debug|Any CPU
		{2C8FD3B3-EBBF-497B-BD37-0599294EBEFF}.Debug|Any CPU.Build.0 = Debug|Any CPU
		{2C8FD3B3-EBBF-497B-BD37-0599294EBEFF}.Debug|ARM.ActiveCfg = Debug|Any CPU
		{2C8FD3B3-EBBF-497B-BD37-0599294EBEFF}.Debug|x64.ActiveCfg = Debug|Any CPU
		{2C8FD3B3-EBBF-497B-BD37-0599294EBEFF}.Debug|x86.ActiveCfg = Debug|Any CPU
		{2C8FD3B3-EBBF-497B-BD37-0599294EBEFF}.Release|Any CPU.ActiveCfg = Release|Any CPU
		{2C8FD3B3-EBBF-497B-BD37-0599294EBEFF}.Release|Any CPU.Build.0 = Release|Any CPU
		{2C8FD3B3-EBBF-497B-BD37-0599294EBEFF}.Release|ARM.ActiveCfg = Release|Any CPU
		{2C8FD3B3-EBBF-497B-BD37-0599294EBEFF}.Release|x64.ActiveCfg = Release|Any CPU
		{2C8FD3B3-EBBF-497B-BD37-0599294EBEFF}.Release|x86.ActiveCfg = Release|Any CPU
		{FB87BA46-656F-40DF-8B0F-F76D398FAB5D}.Debug|Any CPU.ActiveCfg = Debug|Any CPU
		{FB87BA46-656F-40DF-8B0F-F76D398FAB5D}.Debug|Any CPU.Build.0 = Debug|Any CPU
		{FB87BA46-656F-40DF-8B0F-F76D398FAB5D}.Debug|Any CPU.Deploy.0 = Debug|Any CPU
		{FB87BA46-656F-40DF-8B0F-F76D398FAB5D}.Debug|ARM.ActiveCfg = Debug|ARM
		{FB87BA46-656F-40DF-8B0F-F76D398FAB5D}.Debug|ARM.Build.0 = Debug|ARM
		{FB87BA46-656F-40DF-8B0F-F76D398FAB5D}.Debug|ARM.Deploy.0 = Debug|ARM
		{FB87BA46-656F-40DF-8B0F-F76D398FAB5D}.Debug|x64.ActiveCfg = Debug|x64
		{FB87BA46-656F-40DF-8B0F-F76D398FAB5D}.Debug|x64.Build.0 = Debug|x64
		{FB87BA46-656F-40DF-8B0F-F76D398FAB5D}.Debug|x64.Deploy.0 = Debug|x64
		{FB87BA46-656F-40DF-8B0F-F76D398FAB5D}.Debug|x86.ActiveCfg = Debug|x86
		{FB87BA46-656F-40DF-8B0F-F76D398FAB5D}.Debug|x86.Build.0 = Debug|x86
		{FB87BA46-656F-40DF-8B0F-F76D398FAB5D}.Debug|x86.Deploy.0 = Debug|x86
		{FB87BA46-656F-40DF-8B0F-F76D398FAB5D}.Release|Any CPU.ActiveCfg = Release|Any CPU
		{FB87BA46-656F-40DF-8B0F-F76D398FAB5D}.Release|Any CPU.Build.0 = Release|Any CPU
		{FB87BA46-656F-40DF-8B0F-F76D398FAB5D}.Release|Any CPU.Deploy.0 = Release|Any CPU
		{FB87BA46-656F-40DF-8B0F-F76D398FAB5D}.Release|ARM.ActiveCfg = Release|ARM
		{FB87BA46-656F-40DF-8B0F-F76D398FAB5D}.Release|ARM.Build.0 = Release|ARM
		{FB87BA46-656F-40DF-8B0F-F76D398FAB5D}.Release|ARM.Deploy.0 = Release|ARM
		{FB87BA46-656F-40DF-8B0F-F76D398FAB5D}.Release|x64.ActiveCfg = Release|x64
		{FB87BA46-656F-40DF-8B0F-F76D398FAB5D}.Release|x64.Build.0 = Release|x64
		{FB87BA46-656F-40DF-8B0F-F76D398FAB5D}.Release|x64.Deploy.0 = Release|x64
		{FB87BA46-656F-40DF-8B0F-F76D398FAB5D}.Release|x86.ActiveCfg = Release|x86
		{FB87BA46-656F-40DF-8B0F-F76D398FAB5D}.Release|x86.Build.0 = Release|x86
		{FB87BA46-656F-40DF-8B0F-F76D398FAB5D}.Release|x86.Deploy.0 = Release|x86
		{DE75E1D6-6325-451E-9CAF-F2E657B10ACC}.Debug|Any CPU.ActiveCfg = Debug|Any CPU
		{DE75E1D6-6325-451E-9CAF-F2E657B10ACC}.Debug|Any CPU.Build.0 = Debug|Any CPU
		{DE75E1D6-6325-451E-9CAF-F2E657B10ACC}.Debug|ARM.ActiveCfg = Debug|Any CPU
		{DE75E1D6-6325-451E-9CAF-F2E657B10ACC}.Debug|ARM.Build.0 = Debug|Any CPU
		{DE75E1D6-6325-451E-9CAF-F2E657B10ACC}.Debug|x64.ActiveCfg = Debug|Any CPU
		{DE75E1D6-6325-451E-9CAF-F2E657B10ACC}.Debug|x64.Build.0 = Debug|Any CPU
		{DE75E1D6-6325-451E-9CAF-F2E657B10ACC}.Debug|x86.ActiveCfg = Debug|Any CPU
		{DE75E1D6-6325-451E-9CAF-F2E657B10ACC}.Debug|x86.Build.0 = Debug|Any CPU
		{DE75E1D6-6325-451E-9CAF-F2E657B10ACC}.Release|Any CPU.ActiveCfg = Release|Any CPU
		{DE75E1D6-6325-451E-9CAF-F2E657B10ACC}.Release|Any CPU.Build.0 = Release|Any CPU
		{DE75E1D6-6325-451E-9CAF-F2E657B10ACC}.Release|ARM.ActiveCfg = Release|Any CPU
		{DE75E1D6-6325-451E-9CAF-F2E657B10ACC}.Release|ARM.Build.0 = Release|Any CPU
		{DE75E1D6-6325-451E-9CAF-F2E657B10ACC}.Release|x64.ActiveCfg = Release|Any CPU
		{DE75E1D6-6325-451E-9CAF-F2E657B10ACC}.Release|x64.Build.0 = Release|Any CPU
		{DE75E1D6-6325-451E-9CAF-F2E657B10ACC}.Release|x86.ActiveCfg = Release|Any CPU
		{DE75E1D6-6325-451E-9CAF-F2E657B10ACC}.Release|x86.Build.0 = Release|Any CPU
	EndGlobalSection
	GlobalSection(SolutionProperties) = preSolution
		HideSolutionNode = FALSE
	EndGlobalSection
EndGlobal
